
Microsoft Visual Studio Solution File, Format Version 12.00
# Visual Studio Version 17
VisualStudioVersion = 17.11.35327.3
MinimumVisualStudioVersion = 10.0.40219.1
Project("{FAE04EC0-301F-11D3-BF4B-00C04F79EFBC}") = "ConsoleApp5", "ConsoleApp5\ConsoleApp5.csproj", "{56A2F578-A048-4FBD-86E5-F31F298761EC}"
EndProject
Global
	GlobalSection(SolutionConfigurationPlatforms) = preSolution
		Debug|Any CPU = Debug|Any CPU
		Release|Any CPU = Release|Any CPU
	EndGlobalSection
	GlobalSection(ProjectConfigurationPlatforms) = postSolution
		{56A2F578-A048-4FBD-86E5-F31F298761EC}.Debug|Any CPU.ActiveCfg = Debug|Any CPU
		{56A2F578-A048-4FBD-86E5-F31F298761EC}.Debug|Any CPU.Build.0 = Debug|Any CPU
		{56A2F578-A048-4FBD-86E5-F31F298761EC}.Release|Any CPU.ActiveCfg = Release|Any CPU
		{56A2F578-A048-4FBD-86E5-F31F298761EC}.Release|Any CPU.Build.0 = Release|Any CPU
	EndGlobalSection
	GlobalSection(SolutionProperties) = preSolution
		HideSolutionNode = FALSE
	EndGlobalSection
	GlobalSection(ExtensibilityGlobals) = postSolution
		SolutionGuid = {BD6AB7FD-2484-4AA2-BB98-F9D1FA07284B}
	EndGlobalSection
EndGlobal
